// !$*UTF8*$!
{
	archiveVersion = 1;
	classes = {
	};
	objectVersion = 56;
	objects = {

/* Begin PBXBuildFile section */
		CC10ABE82B9CBB6100746181 /* JSONPointer.swift in Sources */ = {isa = PBXBuildFile; fileRef = CC10ABE72B9CBB6100746181 /* JSONPointer.swift */; };
		CC10ABEA2B9D27F200746181 /* JSONReference.swift in Sources */ = {isa = PBXBuildFile; fileRef = CC10ABE92B9D27F200746181 /* JSONReference.swift */; };
		CC10ABEC2B9DCD4B00746181 /* JSONMutationTests.swift in Sources */ = {isa = PBXBuildFile; fileRef = CC10ABEB2B9DCD4B00746181 /* JSONMutationTests.swift */; };
		CC2473E32B7C1BC80022800A /* JSONPath.swift in Sources */ = {isa = PBXBuildFile; fileRef = CC2473E22B7C1BC80022800A /* JSONPath.swift */; };
		CC2473E52B7D466D0022800A /* JSONPathTests.swift in Sources */ = {isa = PBXBuildFile; fileRef = CC2473E42B7D466D0022800A /* JSONPathTests.swift */; };
		CC2473E72B7DF5040022800A /* JSONPathParser.swift in Sources */ = {isa = PBXBuildFile; fileRef = CC2473E62B7DF5040022800A /* JSONPathParser.swift */; };
		CC2473E92B8161A00022800A /* JSONPathEvaluator.swift in Sources */ = {isa = PBXBuildFile; fileRef = CC2473E82B8161A00022800A /* JSONPathEvaluator.swift */; };
		CC2473F12B8180F70022800A /* main.swift in Sources */ = {isa = PBXBuildFile; fileRef = CC2473F02B8180F70022800A /* main.swift */; };
		CC2473F62B8184DE0022800A /* DynamicJSON.framework in Frameworks */ = {isa = PBXBuildFile; fileRef = CC528E242B7975DC001E9E52 /* DynamicJSON.framework */; };
		CC2473F72B8184DE0022800A /* DynamicJSON.framework in Embed Frameworks */ = {isa = PBXBuildFile; fileRef = CC528E242B7975DC001E9E52 /* DynamicJSON.framework */; settings = {ATTRIBUTES = (CodeSignOnCopy, RemoveHeadersOnCopy, ); }; };
		CC528E292B7975DC001E9E52 /* DynamicJSON.docc in Sources */ = {isa = PBXBuildFile; fileRef = CC528E282B7975DC001E9E52 /* DynamicJSON.docc */; };
		CC528E2F2B7975DC001E9E52 /* DynamicJSON.framework in Frameworks */ = {isa = PBXBuildFile; fileRef = CC528E242B7975DC001E9E52 /* DynamicJSON.framework */; };
		CC528E342B7975DC001E9E52 /* DynamicJSONTests.swift in Sources */ = {isa = PBXBuildFile; fileRef = CC528E332B7975DC001E9E52 /* DynamicJSONTests.swift */; };
		CC528E352B7975DC001E9E52 /* DynamicJSON.h in Headers */ = {isa = PBXBuildFile; fileRef = CC528E272B7975DC001E9E52 /* DynamicJSON.h */; settings = {ATTRIBUTES = (Public, ); }; };
		CC528E3F2B797811001E9E52 /* JSON.swift in Sources */ = {isa = PBXBuildFile; fileRef = CC528E3E2B797811001E9E52 /* JSON.swift */; };
		CC528E412B797980001E9E52 /* NSNumber.swift in Sources */ = {isa = PBXBuildFile; fileRef = CC528E402B797980001E9E52 /* NSNumber.swift */; };
		CC528E452B7A15B1001E9E52 /* JSONConstructorTests.swift in Sources */ = {isa = PBXBuildFile; fileRef = CC528E442B7A15B1001E9E52 /* JSONConstructorTests.swift */; };
		CC528E472B7B5392001E9E52 /* JSONExtensions.swift in Sources */ = {isa = PBXBuildFile; fileRef = CC528E462B7B5392001E9E52 /* JSONExtensions.swift */; };
		CC908A122B82A498003253DA /* JSONPathEnvironment.swift in Sources */ = {isa = PBXBuildFile; fileRef = CC908A112B82A498003253DA /* JSONPathEnvironment.swift */; };
		CC9353012B840C2600E043A2 /* JSONType.swift in Sources */ = {isa = PBXBuildFile; fileRef = CC9353002B840C2600E043A2 /* JSONType.swift */; };
		CC95DAF92B97D6DB00AC9D10 /* JSONPathComplianceTest.swift in Sources */ = {isa = PBXBuildFile; fileRef = CC95DAF82B97D6DB00AC9D10 /* JSONPathComplianceTest.swift */; };
		CC95DB0A2B97D99F00AC9D10 /* filter.json in Resources */ = {isa = PBXBuildFile; fileRef = CC95DAE72B97D62400AC9D10 /* filter.json */; };
		CC95DB0B2B97D99F00AC9D10 /* slice_selector.json in Resources */ = {isa = PBXBuildFile; fileRef = CC95DAE82B97D62400AC9D10 /* slice_selector.json */; };
		CC95DB0C2B97D99F00AC9D10 /* index_selector.json in Resources */ = {isa = PBXBuildFile; fileRef = CC95DAE92B97D62400AC9D10 /* index_selector.json */; };
		CC95DB0D2B97D99F00AC9D10 /* ws_filter.json in Resources */ = {isa = PBXBuildFile; fileRef = CC95DAEB2B97D62400AC9D10 /* ws_filter.json */; };
		CC95DB0E2B97D99F00AC9D10 /* ws_operators.json in Resources */ = {isa = PBXBuildFile; fileRef = CC95DAEC2B97D62400AC9D10 /* ws_operators.json */; };
		CC95DB0F2B97D99F00AC9D10 /* ws_selectors.json in Resources */ = {isa = PBXBuildFile; fileRef = CC95DAED2B97D62400AC9D10 /* ws_selectors.json */; };
		CC95DB102B97D99F00AC9D10 /* ws_slice.json in Resources */ = {isa = PBXBuildFile; fileRef = CC95DAEE2B97D62400AC9D10 /* ws_slice.json */; };
		CC95DB112B97D99F00AC9D10 /* ws_functions.json in Resources */ = {isa = PBXBuildFile; fileRef = CC95DAEF2B97D62400AC9D10 /* ws_functions.json */; };
		CC95DB122B97D99F00AC9D10 /* fn_search.json in Resources */ = {isa = PBXBuildFile; fileRef = CC95DAF12B97D62400AC9D10 /* fn_search.json */; };
		CC95DB132B97D99F00AC9D10 /* fn_value.json in Resources */ = {isa = PBXBuildFile; fileRef = CC95DAF22B97D62400AC9D10 /* fn_value.json */; };
		CC95DB142B97D99F00AC9D10 /* fn_match.json in Resources */ = {isa = PBXBuildFile; fileRef = CC95DAF32B97D62400AC9D10 /* fn_match.json */; };
		CC95DB152B97D99F00AC9D10 /* fn_length.json in Resources */ = {isa = PBXBuildFile; fileRef = CC95DAF42B97D62400AC9D10 /* fn_length.json */; };
		CC95DB162B97D99F00AC9D10 /* fn_count.json in Resources */ = {isa = PBXBuildFile; fileRef = CC95DAF52B97D62400AC9D10 /* fn_count.json */; };
		CC95DB172B97D99F00AC9D10 /* basic.json in Resources */ = {isa = PBXBuildFile; fileRef = CC95DAF62B97D62400AC9D10 /* basic.json */; };
		CC95DB182B97D99F00AC9D10 /* name_selector.json in Resources */ = {isa = PBXBuildFile; fileRef = CC95DAF72B97D62400AC9D10 /* name_selector.json */; };
		CC95DB1A2B97DB8100AC9D10 /* JSONPathTestCase.swift in Sources */ = {isa = PBXBuildFile; fileRef = CC95DB192B97DB8100AC9D10 /* JSONPathTestCase.swift */; };
		CC95DB1C2B97EC8B00AC9D10 /* JSONPathComplianceSuite.swift in Sources */ = {isa = PBXBuildFile; fileRef = CC95DB1B2B97EC8B00AC9D10 /* JSONPathComplianceSuite.swift */; };
		CCB464F82BA0FAA3001FBDFA /* JSONLocationTests.swift in Sources */ = {isa = PBXBuildFile; fileRef = CCB464F72BA0FAA3001FBDFA /* JSONLocationTests.swift */; };
		CCB464FA2BA5131A001FBDFA /* JSONTypeTests.swift in Sources */ = {isa = PBXBuildFile; fileRef = CCB464F92BA5131A001FBDFA /* JSONTypeTests.swift */; };
		CCD13B722B82536500307526 /* JSONLocation.swift in Sources */ = {isa = PBXBuildFile; fileRef = CCD13B712B82536500307526 /* JSONLocation.swift */; };
/* End PBXBuildFile section */

/* Begin PBXContainerItemProxy section */
		CC2473F82B8184DE0022800A /* PBXContainerItemProxy */ = {
			isa = PBXContainerItemProxy;
			containerPortal = CC528E1B2B7975DC001E9E52 /* Project object */;
			proxyType = 1;
			remoteGlobalIDString = CC528E232B7975DC001E9E52;
			remoteInfo = DynamicJSON;
		};
		CC528E302B7975DC001E9E52 /* PBXContainerItemProxy */ = {
			isa = PBXContainerItemProxy;
			containerPortal = CC528E1B2B7975DC001E9E52 /* Project object */;
			proxyType = 1;
			remoteGlobalIDString = CC528E232B7975DC001E9E52;
			remoteInfo = DynamicJSON;
		};
/* End PBXContainerItemProxy section */

/* Begin PBXCopyFilesBuildPhase section */
		CC2473EC2B8180F70022800A /* CopyFiles */ = {
			isa = PBXCopyFilesBuildPhase;
			buildActionMask = 2147483647;
			dstPath = /usr/share/man/man1/;
			dstSubfolderSpec = 0;
			files = (
			);
			runOnlyForDeploymentPostprocessing = 1;
		};
		CC2473FA2B8184DE0022800A /* Embed Frameworks */ = {
			isa = PBXCopyFilesBuildPhase;
			buildActionMask = 2147483647;
			dstPath = "";
			dstSubfolderSpec = 10;
			files = (
				CC2473F72B8184DE0022800A /* DynamicJSON.framework in Embed Frameworks */,
			);
			name = "Embed Frameworks";
			runOnlyForDeploymentPostprocessing = 0;
		};
/* End PBXCopyFilesBuildPhase section */

/* Begin PBXFileReference section */
		CC10ABE72B9CBB6100746181 /* JSONPointer.swift */ = {isa = PBXFileReference; lastKnownFileType = sourcecode.swift; path = JSONPointer.swift; sourceTree = "<group>"; };
		CC10ABE92B9D27F200746181 /* JSONReference.swift */ = {isa = PBXFileReference; lastKnownFileType = sourcecode.swift; path = JSONReference.swift; sourceTree = "<group>"; };
		CC10ABEB2B9DCD4B00746181 /* JSONMutationTests.swift */ = {isa = PBXFileReference; lastKnownFileType = sourcecode.swift; path = JSONMutationTests.swift; sourceTree = "<group>"; };
		CC2473DF2B7B9DEE0022800A /* LICENSE */ = {isa = PBXFileReference; lastKnownFileType = text; path = LICENSE; sourceTree = "<group>"; };
		CC2473E02B7B9DF60022800A /* README.md */ = {isa = PBXFileReference; lastKnownFileType = net.daringfireball.markdown; path = README.md; sourceTree = "<group>"; };
		CC2473E12B7B9E330022800A /* Package.swift */ = {isa = PBXFileReference; lastKnownFileType = sourcecode.swift; path = Package.swift; sourceTree = "<group>"; };
		CC2473E22B7C1BC80022800A /* JSONPath.swift */ = {isa = PBXFileReference; lastKnownFileType = sourcecode.swift; path = JSONPath.swift; sourceTree = "<group>"; };
		CC2473E42B7D466D0022800A /* JSONPathTests.swift */ = {isa = PBXFileReference; lastKnownFileType = sourcecode.swift; path = JSONPathTests.swift; sourceTree = "<group>"; };
		CC2473E62B7DF5040022800A /* JSONPathParser.swift */ = {isa = PBXFileReference; lastKnownFileType = sourcecode.swift; path = JSONPathParser.swift; sourceTree = "<group>"; };
		CC2473E82B8161A00022800A /* JSONPathEvaluator.swift */ = {isa = PBXFileReference; lastKnownFileType = sourcecode.swift; path = JSONPathEvaluator.swift; sourceTree = "<group>"; };
		CC2473EE2B8180F70022800A /* JSONPathTool */ = {isa = PBXFileReference; explicitFileType = "compiled.mach-o.executable"; includeInIndex = 0; path = JSONPathTool; sourceTree = BUILT_PRODUCTS_DIR; };
		CC2473F02B8180F70022800A /* main.swift */ = {isa = PBXFileReference; lastKnownFileType = sourcecode.swift; path = main.swift; sourceTree = "<group>"; };
		CC429EF32B9AF921009E3573 /* LICENSE.txt */ = {isa = PBXFileReference; lastKnownFileType = text; path = LICENSE.txt; sourceTree = "<group>"; };
		CC429EF42B9AF95E009E3573 /* NOTICE.txt */ = {isa = PBXFileReference; lastKnownFileType = text; path = NOTICE.txt; sourceTree = "<group>"; };
		CC528E242B7975DC001E9E52 /* DynamicJSON.framework */ = {isa = PBXFileReference; explicitFileType = wrapper.framework; includeInIndex = 0; path = DynamicJSON.framework; sourceTree = BUILT_PRODUCTS_DIR; };
		CC528E272B7975DC001E9E52 /* DynamicJSON.h */ = {isa = PBXFileReference; lastKnownFileType = sourcecode.c.h; path = DynamicJSON.h; sourceTree = "<group>"; };
		CC528E282B7975DC001E9E52 /* DynamicJSON.docc */ = {isa = PBXFileReference; lastKnownFileType = folder.documentationcatalog; path = DynamicJSON.docc; sourceTree = "<group>"; };
		CC528E2E2B7975DC001E9E52 /* DynamicJSONTests.xctest */ = {isa = PBXFileReference; explicitFileType = wrapper.cfbundle; includeInIndex = 0; path = DynamicJSONTests.xctest; sourceTree = BUILT_PRODUCTS_DIR; };
		CC528E332B7975DC001E9E52 /* DynamicJSONTests.swift */ = {isa = PBXFileReference; lastKnownFileType = sourcecode.swift; path = DynamicJSONTests.swift; sourceTree = "<group>"; };
		CC528E3E2B797811001E9E52 /* JSON.swift */ = {isa = PBXFileReference; lastKnownFileType = sourcecode.swift; path = JSON.swift; sourceTree = "<group>"; };
		CC528E402B797980001E9E52 /* NSNumber.swift */ = {isa = PBXFileReference; lastKnownFileType = sourcecode.swift; path = NSNumber.swift; sourceTree = "<group>"; };
		CC528E442B7A15B1001E9E52 /* JSONConstructorTests.swift */ = {isa = PBXFileReference; lastKnownFileType = sourcecode.swift; path = JSONConstructorTests.swift; sourceTree = "<group>"; };
		CC528E462B7B5392001E9E52 /* JSONExtensions.swift */ = {isa = PBXFileReference; lastKnownFileType = sourcecode.swift; path = JSONExtensions.swift; sourceTree = "<group>"; };
		CC908A112B82A498003253DA /* JSONPathEnvironment.swift */ = {isa = PBXFileReference; lastKnownFileType = sourcecode.swift; path = JSONPathEnvironment.swift; sourceTree = "<group>"; };
		CC9353002B840C2600E043A2 /* JSONType.swift */ = {isa = PBXFileReference; lastKnownFileType = sourcecode.swift; path = JSONType.swift; sourceTree = "<group>"; };
		CC95DAE72B97D62400AC9D10 /* filter.json */ = {isa = PBXFileReference; lastKnownFileType = text.json; path = filter.json; sourceTree = "<group>"; };
		CC95DAE82B97D62400AC9D10 /* slice_selector.json */ = {isa = PBXFileReference; lastKnownFileType = text.json; path = slice_selector.json; sourceTree = "<group>"; };
		CC95DAE92B97D62400AC9D10 /* index_selector.json */ = {isa = PBXFileReference; lastKnownFileType = text.json; path = index_selector.json; sourceTree = "<group>"; };
		CC95DAEB2B97D62400AC9D10 /* ws_filter.json */ = {isa = PBXFileReference; lastKnownFileType = text.json; path = ws_filter.json; sourceTree = "<group>"; };
		CC95DAEC2B97D62400AC9D10 /* ws_operators.json */ = {isa = PBXFileReference; lastKnownFileType = text.json; path = ws_operators.json; sourceTree = "<group>"; };
		CC95DAED2B97D62400AC9D10 /* ws_selectors.json */ = {isa = PBXFileReference; lastKnownFileType = text.json; path = ws_selectors.json; sourceTree = "<group>"; };
		CC95DAEE2B97D62400AC9D10 /* ws_slice.json */ = {isa = PBXFileReference; lastKnownFileType = text.json; path = ws_slice.json; sourceTree = "<group>"; };
		CC95DAEF2B97D62400AC9D10 /* ws_functions.json */ = {isa = PBXFileReference; lastKnownFileType = text.json; path = ws_functions.json; sourceTree = "<group>"; };
		CC95DAF12B97D62400AC9D10 /* fn_search.json */ = {isa = PBXFileReference; lastKnownFileType = text.json; path = fn_search.json; sourceTree = "<group>"; };
		CC95DAF22B97D62400AC9D10 /* fn_value.json */ = {isa = PBXFileReference; lastKnownFileType = text.json; path = fn_value.json; sourceTree = "<group>"; };
		CC95DAF32B97D62400AC9D10 /* fn_match.json */ = {isa = PBXFileReference; lastKnownFileType = text.json; path = fn_match.json; sourceTree = "<group>"; };
		CC95DAF42B97D62400AC9D10 /* fn_length.json */ = {isa = PBXFileReference; lastKnownFileType = text.json; path = fn_length.json; sourceTree = "<group>"; };
		CC95DAF52B97D62400AC9D10 /* fn_count.json */ = {isa = PBXFileReference; lastKnownFileType = text.json; path = fn_count.json; sourceTree = "<group>"; };
		CC95DAF62B97D62400AC9D10 /* basic.json */ = {isa = PBXFileReference; lastKnownFileType = text.json; path = basic.json; sourceTree = "<group>"; };
		CC95DAF72B97D62400AC9D10 /* name_selector.json */ = {isa = PBXFileReference; lastKnownFileType = text.json; path = name_selector.json; sourceTree = "<group>"; };
		CC95DAF82B97D6DB00AC9D10 /* JSONPathComplianceTest.swift */ = {isa = PBXFileReference; lastKnownFileType = sourcecode.swift; path = JSONPathComplianceTest.swift; sourceTree = "<group>"; };
		CC95DB192B97DB8100AC9D10 /* JSONPathTestCase.swift */ = {isa = PBXFileReference; lastKnownFileType = sourcecode.swift; path = JSONPathTestCase.swift; sourceTree = "<group>"; };
		CC95DB1B2B97EC8B00AC9D10 /* JSONPathComplianceSuite.swift */ = {isa = PBXFileReference; lastKnownFileType = sourcecode.swift; path = JSONPathComplianceSuite.swift; sourceTree = "<group>"; };
		CCB464F72BA0FAA3001FBDFA /* JSONLocationTests.swift */ = {isa = PBXFileReference; fileEncoding = 4; lastKnownFileType = sourcecode.swift; path = JSONLocationTests.swift; sourceTree = "<group>"; };
		CCB464F92BA5131A001FBDFA /* JSONTypeTests.swift */ = {isa = PBXFileReference; lastKnownFileType = sourcecode.swift; path = JSONTypeTests.swift; sourceTree = "<group>"; };
		CCD13B712B82536500307526 /* JSONLocation.swift */ = {isa = PBXFileReference; lastKnownFileType = sourcecode.swift; path = JSONLocation.swift; sourceTree = "<group>"; };
/* End PBXFileReference section */

/* Begin PBXFrameworksBuildPhase section */
		CC2473EB2B8180F70022800A /* Frameworks */ = {
			isa = PBXFrameworksBuildPhase;
			buildActionMask = 2147483647;
			files = (
				CC2473F62B8184DE0022800A /* DynamicJSON.framework in Frameworks */,
			);
			runOnlyForDeploymentPostprocessing = 0;
		};
		CC528E212B7975DC001E9E52 /* Frameworks */ = {
			isa = PBXFrameworksBuildPhase;
			buildActionMask = 2147483647;
			files = (
			);
			runOnlyForDeploymentPostprocessing = 0;
		};
		CC528E2B2B7975DC001E9E52 /* Frameworks */ = {
			isa = PBXFrameworksBuildPhase;
			buildActionMask = 2147483647;
			files = (
				CC528E2F2B7975DC001E9E52 /* DynamicJSON.framework in Frameworks */,
			);
			runOnlyForDeploymentPostprocessing = 0;
		};
/* End PBXFrameworksBuildPhase section */

/* Begin PBXGroup section */
		CC2473EF2B8180F70022800A /* JSONPathTool */ = {
			isa = PBXGroup;
			children = (
				CC2473F02B8180F70022800A /* main.swift */,
			);
			name = JSONPathTool;
			path = Sources/JSONPathTool;
			sourceTree = "<group>";
		};
		CC2473F52B8184DE0022800A /* Frameworks */ = {
			isa = PBXGroup;
			children = (
			);
			name = Frameworks;
			sourceTree = "<group>";
		};
		CC528E1A2B7975DC001E9E52 = {
			isa = PBXGroup;
			children = (
				CC2473DF2B7B9DEE0022800A /* LICENSE */,
				CC2473E02B7B9DF60022800A /* README.md */,
				CC2473E12B7B9E330022800A /* Package.swift */,
				CC528E262B7975DC001E9E52 /* DynamicJSON */,
				CC528E322B7975DC001E9E52 /* DynamicJSONTests */,
				CC2473EF2B8180F70022800A /* JSONPathTool */,
				CC528E252B7975DC001E9E52 /* Products */,
				CC2473F52B8184DE0022800A /* Frameworks */,
			);
			sourceTree = "<group>";
		};
		CC528E252B7975DC001E9E52 /* Products */ = {
			isa = PBXGroup;
			children = (
				CC528E242B7975DC001E9E52 /* DynamicJSON.framework */,
				CC528E2E2B7975DC001E9E52 /* DynamicJSONTests.xctest */,
				CC2473EE2B8180F70022800A /* JSONPathTool */,
			);
			name = Products;
			sourceTree = "<group>";
		};
		CC528E262B7975DC001E9E52 /* DynamicJSON */ = {
			isa = PBXGroup;
			children = (
				CC528E3E2B797811001E9E52 /* JSON.swift */,
				CC9353002B840C2600E043A2 /* JSONType.swift */,
				CC10ABE92B9D27F200746181 /* JSONReference.swift */,
				CCD13B712B82536500307526 /* JSONLocation.swift */,
				CC10ABE72B9CBB6100746181 /* JSONPointer.swift */,
				CC2473E22B7C1BC80022800A /* JSONPath.swift */,
				CC2473E62B7DF5040022800A /* JSONPathParser.swift */,
				CC2473E82B8161A00022800A /* JSONPathEvaluator.swift */,
				CC908A112B82A498003253DA /* JSONPathEnvironment.swift */,
				CC528E462B7B5392001E9E52 /* JSONExtensions.swift */,
				CC528E402B797980001E9E52 /* NSNumber.swift */,
				CC528E272B7975DC001E9E52 /* DynamicJSON.h */,
				CC528E282B7975DC001E9E52 /* DynamicJSON.docc */,
			);
			name = DynamicJSON;
			path = Sources/DynamicJSON;
			sourceTree = "<group>";
		};
		CC528E322B7975DC001E9E52 /* DynamicJSONTests */ = {
			isa = PBXGroup;
			children = (
				CC95DB092B97D96700AC9D10 /* ComplianceTests */,
				CC528E332B7975DC001E9E52 /* DynamicJSONTests.swift */,
				CC528E442B7A15B1001E9E52 /* JSONConstructorTests.swift */,
				CCB464F92BA5131A001FBDFA /* JSONTypeTests.swift */,
				CCB464F72BA0FAA3001FBDFA /* JSONLocationTests.swift */,
				CC95DAF82B97D6DB00AC9D10 /* JSONPathComplianceTest.swift */,
				CC95DB192B97DB8100AC9D10 /* JSONPathTestCase.swift */,
				CC2473E42B7D466D0022800A /* JSONPathTests.swift */,
				CC95DB1B2B97EC8B00AC9D10 /* JSONPathComplianceSuite.swift */,
				CC10ABEB2B9DCD4B00746181 /* JSONMutationTests.swift */,
			);
			name = DynamicJSONTests;
			path = Tests/DynamicJSONTests;
			sourceTree = "<group>";
		};
		CC95DAE62B97D62400AC9D10 /* JSONPath */ = {
			isa = PBXGroup;
			children = (
				CC429EF42B9AF95E009E3573 /* NOTICE.txt */,
				CC429EF32B9AF921009E3573 /* LICENSE.txt */,
				CC95DAF62B97D62400AC9D10 /* basic.json */,
				CC95DAF72B97D62400AC9D10 /* name_selector.json */,
				CC95DAE82B97D62400AC9D10 /* slice_selector.json */,
				CC95DAE92B97D62400AC9D10 /* index_selector.json */,
				CC95DAE72B97D62400AC9D10 /* filter.json */,
				CC95DAEB2B97D62400AC9D10 /* ws_filter.json */,
				CC95DAEC2B97D62400AC9D10 /* ws_operators.json */,
				CC95DAED2B97D62400AC9D10 /* ws_selectors.json */,
				CC95DAEE2B97D62400AC9D10 /* ws_slice.json */,
				CC95DAEF2B97D62400AC9D10 /* ws_functions.json */,
				CC95DAF12B97D62400AC9D10 /* fn_search.json */,
				CC95DAF22B97D62400AC9D10 /* fn_value.json */,
				CC95DAF32B97D62400AC9D10 /* fn_match.json */,
				CC95DAF42B97D62400AC9D10 /* fn_length.json */,
				CC95DAF52B97D62400AC9D10 /* fn_count.json */,
			);
			path = JSONPath;
			sourceTree = "<group>";
		};
		CC95DB092B97D96700AC9D10 /* ComplianceTests */ = {
			isa = PBXGroup;
			children = (
				CC95DAE62B97D62400AC9D10 /* JSONPath */,
			);
			path = ComplianceTests;
			sourceTree = "<group>";
		};
/* End PBXGroup section */

/* Begin PBXHeadersBuildPhase section */
		CC528E1F2B7975DC001E9E52 /* Headers */ = {
			isa = PBXHeadersBuildPhase;
			buildActionMask = 2147483647;
			files = (
				CC528E352B7975DC001E9E52 /* DynamicJSON.h in Headers */,
			);
			runOnlyForDeploymentPostprocessing = 0;
		};
/* End PBXHeadersBuildPhase section */

/* Begin PBXNativeTarget section */
		CC2473ED2B8180F70022800A /* JSONPathTool */ = {
			isa = PBXNativeTarget;
			buildConfigurationList = CC2473F22B8180F70022800A /* Build configuration list for PBXNativeTarget "JSONPathTool" */;
			buildPhases = (
				CC2473EA2B8180F70022800A /* Sources */,
				CC2473EB2B8180F70022800A /* Frameworks */,
				CC2473EC2B8180F70022800A /* CopyFiles */,
				CC2473FA2B8184DE0022800A /* Embed Frameworks */,
			);
			buildRules = (
			);
			dependencies = (
				CC2473F92B8184DE0022800A /* PBXTargetDependency */,
			);
			name = JSONPathTool;
			productName = JSONPathTool;
			productReference = CC2473EE2B8180F70022800A /* JSONPathTool */;
			productType = "com.apple.product-type.tool";
		};
		CC528E232B7975DC001E9E52 /* DynamicJSON */ = {
			isa = PBXNativeTarget;
			buildConfigurationList = CC528E382B7975DC001E9E52 /* Build configuration list for PBXNativeTarget "DynamicJSON" */;
			buildPhases = (
				CC528E1F2B7975DC001E9E52 /* Headers */,
				CC528E202B7975DC001E9E52 /* Sources */,
				CC528E212B7975DC001E9E52 /* Frameworks */,
				CC528E222B7975DC001E9E52 /* Resources */,
			);
			buildRules = (
			);
			dependencies = (
			);
			name = DynamicJSON;
			productName = DynamicJSON;
			productReference = CC528E242B7975DC001E9E52 /* DynamicJSON.framework */;
			productType = "com.apple.product-type.framework";
		};
		CC528E2D2B7975DC001E9E52 /* DynamicJSONTests */ = {
			isa = PBXNativeTarget;
			buildConfigurationList = CC528E3B2B7975DC001E9E52 /* Build configuration list for PBXNativeTarget "DynamicJSONTests" */;
			buildPhases = (
				CC528E2A2B7975DC001E9E52 /* Sources */,
				CC528E2B2B7975DC001E9E52 /* Frameworks */,
				CC528E2C2B7975DC001E9E52 /* Resources */,
			);
			buildRules = (
			);
			dependencies = (
				CC528E312B7975DC001E9E52 /* PBXTargetDependency */,
			);
			name = DynamicJSONTests;
			productName = DynamicJSONTests;
			productReference = CC528E2E2B7975DC001E9E52 /* DynamicJSONTests.xctest */;
			productType = "com.apple.product-type.bundle.unit-test";
		};
/* End PBXNativeTarget section */

/* Begin PBXProject section */
		CC528E1B2B7975DC001E9E52 /* Project object */ = {
			isa = PBXProject;
			attributes = {
				BuildIndependentTargetsInParallel = 1;
				LastSwiftUpdateCheck = 1520;
				LastUpgradeCheck = 1520;
				TargetAttributes = {
					CC2473ED2B8180F70022800A = {
						CreatedOnToolsVersion = 15.2;
					};
					CC528E232B7975DC001E9E52 = {
						CreatedOnToolsVersion = 15.2;
					};
					CC528E2D2B7975DC001E9E52 = {
						CreatedOnToolsVersion = 15.2;
					};
				};
			};
			buildConfigurationList = CC528E1E2B7975DC001E9E52 /* Build configuration list for PBXProject "DynamicJSON" */;
			compatibilityVersion = "Xcode 14.0";
			developmentRegion = en;
			hasScannedForEncodings = 0;
			knownRegions = (
				en,
				Base,
			);
			mainGroup = CC528E1A2B7975DC001E9E52;
			productRefGroup = CC528E252B7975DC001E9E52 /* Products */;
			projectDirPath = "";
			projectRoot = "";
			targets = (
				CC528E232B7975DC001E9E52 /* DynamicJSON */,
				CC528E2D2B7975DC001E9E52 /* DynamicJSONTests */,
				CC2473ED2B8180F70022800A /* JSONPathTool */,
			);
		};
/* End PBXProject section */

/* Begin PBXResourcesBuildPhase section */
		CC528E222B7975DC001E9E52 /* Resources */ = {
			isa = PBXResourcesBuildPhase;
			buildActionMask = 2147483647;
			files = (
			);
			runOnlyForDeploymentPostprocessing = 0;
		};
		CC528E2C2B7975DC001E9E52 /* Resources */ = {
			isa = PBXResourcesBuildPhase;
			buildActionMask = 2147483647;
			files = (
				CC95DB0A2B97D99F00AC9D10 /* filter.json in Resources */,
				CC95DB0B2B97D99F00AC9D10 /* slice_selector.json in Resources */,
				CC95DB0C2B97D99F00AC9D10 /* index_selector.json in Resources */,
				CC95DB0D2B97D99F00AC9D10 /* ws_filter.json in Resources */,
				CC95DB0E2B97D99F00AC9D10 /* ws_operators.json in Resources */,
				CC95DB0F2B97D99F00AC9D10 /* ws_selectors.json in Resources */,
				CC95DB102B97D99F00AC9D10 /* ws_slice.json in Resources */,
				CC95DB112B97D99F00AC9D10 /* ws_functions.json in Resources */,
				CC95DB122B97D99F00AC9D10 /* fn_search.json in Resources */,
				CC95DB132B97D99F00AC9D10 /* fn_value.json in Resources */,
				CC95DB142B97D99F00AC9D10 /* fn_match.json in Resources */,
				CC95DB152B97D99F00AC9D10 /* fn_length.json in Resources */,
				CC95DB162B97D99F00AC9D10 /* fn_count.json in Resources */,
				CC95DB172B97D99F00AC9D10 /* basic.json in Resources */,
				CC95DB182B97D99F00AC9D10 /* name_selector.json in Resources */,
			);
			runOnlyForDeploymentPostprocessing = 0;
		};
/* End PBXResourcesBuildPhase section */

/* Begin PBXSourcesBuildPhase section */
		CC2473EA2B8180F70022800A /* Sources */ = {
			isa = PBXSourcesBuildPhase;
			buildActionMask = 2147483647;
			files = (
				CC2473F12B8180F70022800A /* main.swift in Sources */,
			);
			runOnlyForDeploymentPostprocessing = 0;
		};
		CC528E202B7975DC001E9E52 /* Sources */ = {
			isa = PBXSourcesBuildPhase;
			buildActionMask = 2147483647;
			files = (
				CC528E292B7975DC001E9E52 /* DynamicJSON.docc in Sources */,
				CC10ABE82B9CBB6100746181 /* JSONPointer.swift in Sources */,
				CC2473E72B7DF5040022800A /* JSONPathParser.swift in Sources */,
				CC9353012B840C2600E043A2 /* JSONType.swift in Sources */,
				CC908A122B82A498003253DA /* JSONPathEnvironment.swift in Sources */,
				CC528E412B797980001E9E52 /* NSNumber.swift in Sources */,
				CC2473E32B7C1BC80022800A /* JSONPath.swift in Sources */,
				CC528E3F2B797811001E9E52 /* JSON.swift in Sources */,
				CC528E472B7B5392001E9E52 /* JSONExtensions.swift in Sources */,
				CCD13B722B82536500307526 /* JSONLocation.swift in Sources */,
				CC2473E92B8161A00022800A /* JSONPathEvaluator.swift in Sources */,
				CC10ABEA2B9D27F200746181 /* JSONReference.swift in Sources */,
			);
			runOnlyForDeploymentPostprocessing = 0;
		};
		CC528E2A2B7975DC001E9E52 /* Sources */ = {
			isa = PBXSourcesBuildPhase;
			buildActionMask = 2147483647;
			files = (
				CCB464F82BA0FAA3001FBDFA /* JSONLocationTests.swift in Sources */,
				CC95DB1C2B97EC8B00AC9D10 /* JSONPathComplianceSuite.swift in Sources */,
				CC10ABEC2B9DCD4B00746181 /* JSONMutationTests.swift in Sources */,
				CC528E452B7A15B1001E9E52 /* JSONConstructorTests.swift in Sources */,
				CCB464FA2BA5131A001FBDFA /* JSONTypeTests.swift in Sources */,
				CC95DB1A2B97DB8100AC9D10 /* JSONPathTestCase.swift in Sources */,
				CC2473E52B7D466D0022800A /* JSONPathTests.swift in Sources */,
				CC95DAF92B97D6DB00AC9D10 /* JSONPathComplianceTest.swift in Sources */,
				CC528E342B7975DC001E9E52 /* DynamicJSONTests.swift in Sources */,
			);
			runOnlyForDeploymentPostprocessing = 0;
		};
/* End PBXSourcesBuildPhase section */

/* Begin PBXTargetDependency section */
		CC2473F92B8184DE0022800A /* PBXTargetDependency */ = {
			isa = PBXTargetDependency;
			target = CC528E232B7975DC001E9E52 /* DynamicJSON */;
			targetProxy = CC2473F82B8184DE0022800A /* PBXContainerItemProxy */;
		};
		CC528E312B7975DC001E9E52 /* PBXTargetDependency */ = {
			isa = PBXTargetDependency;
			target = CC528E232B7975DC001E9E52 /* DynamicJSON */;
			targetProxy = CC528E302B7975DC001E9E52 /* PBXContainerItemProxy */;
		};
/* End PBXTargetDependency section */

/* Begin XCBuildConfiguration section */
		CC2473F32B8180F70022800A /* Debug */ = {
			isa = XCBuildConfiguration;
			buildSettings = {
				CODE_SIGN_STYLE = Automatic;
				DEVELOPMENT_TEAM = C72Z63N8M5;
				ENABLE_HARDENED_RUNTIME = YES;
				MACOSX_DEPLOYMENT_TARGET = 13.0;
				PRODUCT_NAME = "$(TARGET_NAME)";
				SDKROOT = macosx;
				SWIFT_VERSION = 5.0;
			};
			name = Debug;
		};
		CC2473F42B8180F70022800A /* Release */ = {
			isa = XCBuildConfiguration;
			buildSettings = {
				CODE_SIGN_STYLE = Automatic;
				DEVELOPMENT_TEAM = C72Z63N8M5;
				ENABLE_HARDENED_RUNTIME = YES;
				MACOSX_DEPLOYMENT_TARGET = 13.0;
				PRODUCT_NAME = "$(TARGET_NAME)";
				SDKROOT = macosx;
				SWIFT_VERSION = 5.0;
			};
			name = Release;
		};
		CC528E362B7975DC001E9E52 /* Debug */ = {
			isa = XCBuildConfiguration;
			buildSettings = {
				ALWAYS_SEARCH_USER_PATHS = NO;
				ASSETCATALOG_COMPILER_GENERATE_SWIFT_ASSET_SYMBOL_EXTENSIONS = YES;
				CLANG_ANALYZER_NONNULL = YES;
				CLANG_ANALYZER_NUMBER_OBJECT_CONVERSION = YES_AGGRESSIVE;
				CLANG_CXX_LANGUAGE_STANDARD = "gnu++20";
				CLANG_ENABLE_MODULES = YES;
				CLANG_ENABLE_OBJC_ARC = YES;
				CLANG_ENABLE_OBJC_WEAK = YES;
				CLANG_WARN_BLOCK_CAPTURE_AUTORELEASING = YES;
				CLANG_WARN_BOOL_CONVERSION = YES;
				CLANG_WARN_COMMA = YES;
				CLANG_WARN_CONSTANT_CONVERSION = YES;
				CLANG_WARN_DEPRECATED_OBJC_IMPLEMENTATIONS = YES;
				CLANG_WARN_DIRECT_OBJC_ISA_USAGE = YES_ERROR;
				CLANG_WARN_DOCUMENTATION_COMMENTS = YES;
				CLANG_WARN_EMPTY_BODY = YES;
				CLANG_WARN_ENUM_CONVERSION = YES;
				CLANG_WARN_INFINITE_RECURSION = YES;
				CLANG_WARN_INT_CONVERSION = YES;
				CLANG_WARN_NON_LITERAL_NULL_CONVERSION = YES;
				CLANG_WARN_OBJC_IMPLICIT_RETAIN_SELF = YES;
				CLANG_WARN_OBJC_LITERAL_CONVERSION = YES;
				CLANG_WARN_OBJC_ROOT_CLASS = YES_ERROR;
				CLANG_WARN_QUOTED_INCLUDE_IN_FRAMEWORK_HEADER = YES;
				CLANG_WARN_RANGE_LOOP_ANALYSIS = YES;
				CLANG_WARN_STRICT_PROTOTYPES = YES;
				CLANG_WARN_SUSPICIOUS_MOVE = YES;
				CLANG_WARN_UNGUARDED_AVAILABILITY = YES_AGGRESSIVE;
				CLANG_WARN_UNREACHABLE_CODE = YES;
				CLANG_WARN__DUPLICATE_METHOD_MATCH = YES;
				COPY_PHASE_STRIP = NO;
				CURRENT_PROJECT_VERSION = 1;
				DEBUG_INFORMATION_FORMAT = dwarf;
				ENABLE_STRICT_OBJC_MSGSEND = YES;
				ENABLE_TESTABILITY = YES;
				ENABLE_USER_SCRIPT_SANDBOXING = YES;
				GCC_C_LANGUAGE_STANDARD = gnu17;
				GCC_DYNAMIC_NO_PIC = NO;
				GCC_NO_COMMON_BLOCKS = YES;
				GCC_OPTIMIZATION_LEVEL = 0;
				GCC_PREPROCESSOR_DEFINITIONS = (
					"DEBUG=1",
					"$(inherited)",
				);
				GCC_WARN_64_TO_32_BIT_CONVERSION = YES;
				GCC_WARN_ABOUT_RETURN_TYPE = YES_ERROR;
				GCC_WARN_UNDECLARED_SELECTOR = YES;
				GCC_WARN_UNINITIALIZED_AUTOS = YES_AGGRESSIVE;
				GCC_WARN_UNUSED_FUNCTION = YES;
				GCC_WARN_UNUSED_VARIABLE = YES;
				LOCALIZATION_PREFERS_STRING_CATALOGS = YES;
				MTL_ENABLE_DEBUG_INFO = INCLUDE_SOURCE;
				MTL_FAST_MATH = YES;
				ONLY_ACTIVE_ARCH = YES;
				SWIFT_ACTIVE_COMPILATION_CONDITIONS = "DEBUG $(inherited)";
				SWIFT_OPTIMIZATION_LEVEL = "-Onone";
				VERSIONING_SYSTEM = "apple-generic";
				VERSION_INFO_PREFIX = "";
			};
			name = Debug;
		};
		CC528E372B7975DC001E9E52 /* Release */ = {
			isa = XCBuildConfiguration;
			buildSettings = {
				ALWAYS_SEARCH_USER_PATHS = NO;
				ASSETCATALOG_COMPILER_GENERATE_SWIFT_ASSET_SYMBOL_EXTENSIONS = YES;
				CLANG_ANALYZER_NONNULL = YES;
				CLANG_ANALYZER_NUMBER_OBJECT_CONVERSION = YES_AGGRESSIVE;
				CLANG_CXX_LANGUAGE_STANDARD = "gnu++20";
				CLANG_ENABLE_MODULES = YES;
				CLANG_ENABLE_OBJC_ARC = YES;
				CLANG_ENABLE_OBJC_WEAK = YES;
				CLANG_WARN_BLOCK_CAPTURE_AUTORELEASING = YES;
				CLANG_WARN_BOOL_CONVERSION = YES;
				CLANG_WARN_COMMA = YES;
				CLANG_WARN_CONSTANT_CONVERSION = YES;
				CLANG_WARN_DEPRECATED_OBJC_IMPLEMENTATIONS = YES;
				CLANG_WARN_DIRECT_OBJC_ISA_USAGE = YES_ERROR;
				CLANG_WARN_DOCUMENTATION_COMMENTS = YES;
				CLANG_WARN_EMPTY_BODY = YES;
				CLANG_WARN_ENUM_CONVERSION = YES;
				CLANG_WARN_INFINITE_RECURSION = YES;
				CLANG_WARN_INT_CONVERSION = YES;
				CLANG_WARN_NON_LITERAL_NULL_CONVERSION = YES;
				CLANG_WARN_OBJC_IMPLICIT_RETAIN_SELF = YES;
				CLANG_WARN_OBJC_LITERAL_CONVERSION = YES;
				CLANG_WARN_OBJC_ROOT_CLASS = YES_ERROR;
				CLANG_WARN_QUOTED_INCLUDE_IN_FRAMEWORK_HEADER = YES;
				CLANG_WARN_RANGE_LOOP_ANALYSIS = YES;
				CLANG_WARN_STRICT_PROTOTYPES = YES;
				CLANG_WARN_SUSPICIOUS_MOVE = YES;
				CLANG_WARN_UNGUARDED_AVAILABILITY = YES_AGGRESSIVE;
				CLANG_WARN_UNREACHABLE_CODE = YES;
				CLANG_WARN__DUPLICATE_METHOD_MATCH = YES;
				COPY_PHASE_STRIP = NO;
				CURRENT_PROJECT_VERSION = 1;
				DEBUG_INFORMATION_FORMAT = "dwarf-with-dsym";
				ENABLE_NS_ASSERTIONS = NO;
				ENABLE_STRICT_OBJC_MSGSEND = YES;
				ENABLE_USER_SCRIPT_SANDBOXING = YES;
				GCC_C_LANGUAGE_STANDARD = gnu17;
				GCC_NO_COMMON_BLOCKS = YES;
				GCC_WARN_64_TO_32_BIT_CONVERSION = YES;
				GCC_WARN_ABOUT_RETURN_TYPE = YES_ERROR;
				GCC_WARN_UNDECLARED_SELECTOR = YES;
				GCC_WARN_UNINITIALIZED_AUTOS = YES_AGGRESSIVE;
				GCC_WARN_UNUSED_FUNCTION = YES;
				GCC_WARN_UNUSED_VARIABLE = YES;
				LOCALIZATION_PREFERS_STRING_CATALOGS = YES;
				MTL_ENABLE_DEBUG_INFO = NO;
				MTL_FAST_MATH = YES;
				SWIFT_COMPILATION_MODE = wholemodule;
				VERSIONING_SYSTEM = "apple-generic";
				VERSION_INFO_PREFIX = "";
			};
			name = Release;
		};
		CC528E392B7975DC001E9E52 /* Debug */ = {
			isa = XCBuildConfiguration;
			buildSettings = {
				CODE_SIGN_IDENTITY = "Apple Development";
				CODE_SIGN_STYLE = Automatic;
				CURRENT_PROJECT_VERSION = 1;
				DEFINES_MODULE = YES;
				DEVELOPMENT_TEAM = C72Z63N8M5;
				DYLIB_COMPATIBILITY_VERSION = 1;
				DYLIB_CURRENT_VERSION = 1;
				DYLIB_INSTALL_NAME_BASE = "@rpath";
				ENABLE_MODULE_VERIFIER = YES;
				GENERATE_INFOPLIST_FILE = YES;
				INFOPLIST_KEY_NSHumanReadableCopyright = "";
				INSTALL_PATH = "$(LOCAL_LIBRARY_DIR)/Frameworks";
				IPHONEOS_DEPLOYMENT_TARGET = 15.0;
				LD_RUNPATH_SEARCH_PATHS = (
					"@executable_path/Frameworks",
					"@loader_path/Frameworks",
				);
				"LD_RUNPATH_SEARCH_PATHS[sdk=macosx*]" = (
					"@executable_path/../Frameworks",
					"@loader_path/Frameworks",
				);
				MACOSX_DEPLOYMENT_TARGET = 11.0;
				MARKETING_VERSION = 1.0;
				MODULE_VERIFIER_SUPPORTED_LANGUAGES = "objective-c objective-c++";
				MODULE_VERIFIER_SUPPORTED_LANGUAGE_STANDARDS = "gnu17 gnu++20";
				PRODUCT_BUNDLE_IDENTIFIER = com.objecthub.DynamicJSON;
				PRODUCT_NAME = "$(TARGET_NAME:c99extidentifier)";
				SDKROOT = auto;
				SKIP_INSTALL = YES;
				SUPPORTED_PLATFORMS = "iphoneos iphonesimulator macosx";
				SWIFT_EMIT_LOC_STRINGS = YES;
				SWIFT_VERSION = 5.0;
				TARGETED_DEVICE_FAMILY = "1,2";
			};
			name = Debug;
		};
		CC528E3A2B7975DC001E9E52 /* Release */ = {
			isa = XCBuildConfiguration;
			buildSettings = {
				CODE_SIGN_IDENTITY = "Apple Development";
				CODE_SIGN_STYLE = Automatic;
				CURRENT_PROJECT_VERSION = 1;
				DEFINES_MODULE = YES;
				DEVELOPMENT_TEAM = C72Z63N8M5;
				DYLIB_COMPATIBILITY_VERSION = 1;
				DYLIB_CURRENT_VERSION = 1;
				DYLIB_INSTALL_NAME_BASE = "@rpath";
				ENABLE_MODULE_VERIFIER = YES;
				GENERATE_INFOPLIST_FILE = YES;
				INFOPLIST_KEY_NSHumanReadableCopyright = "";
				INSTALL_PATH = "$(LOCAL_LIBRARY_DIR)/Frameworks";
				IPHONEOS_DEPLOYMENT_TARGET = 15.0;
				LD_RUNPATH_SEARCH_PATHS = (
					"@executable_path/Frameworks",
					"@loader_path/Frameworks",
				);
				"LD_RUNPATH_SEARCH_PATHS[sdk=macosx*]" = (
					"@executable_path/../Frameworks",
					"@loader_path/Frameworks",
				);
				MACOSX_DEPLOYMENT_TARGET = 11.0;
				MARKETING_VERSION = 1.0;
				MODULE_VERIFIER_SUPPORTED_LANGUAGES = "objective-c objective-c++";
				MODULE_VERIFIER_SUPPORTED_LANGUAGE_STANDARDS = "gnu17 gnu++20";
				PRODUCT_BUNDLE_IDENTIFIER = com.objecthub.DynamicJSON;
				PRODUCT_NAME = "$(TARGET_NAME:c99extidentifier)";
				SDKROOT = auto;
				SKIP_INSTALL = YES;
				SUPPORTED_PLATFORMS = "iphoneos iphonesimulator macosx";
				SWIFT_EMIT_LOC_STRINGS = YES;
				SWIFT_VERSION = 5.0;
				TARGETED_DEVICE_FAMILY = "1,2";
			};
			name = Release;
		};
		CC528E3C2B7975DC001E9E52 /* Debug */ = {
			isa = XCBuildConfiguration;
			buildSettings = {
				ALWAYS_EMBED_SWIFT_STANDARD_LIBRARIES = YES;
				CODE_SIGN_STYLE = Automatic;
				CURRENT_PROJECT_VERSION = 1;
				GENERATE_INFOPLIST_FILE = YES;
				IPHONEOS_DEPLOYMENT_TARGET = 15.0;
				MACOSX_DEPLOYMENT_TARGET = 11.0;
				MARKETING_VERSION = 1.0;
				PRODUCT_BUNDLE_IDENTIFIER = com.objecthub.DynamicJSONTests;
				PRODUCT_NAME = "$(TARGET_NAME)";
				SDKROOT = auto;
				SUPPORTED_PLATFORMS = "iphoneos iphonesimulator macosx";
				SWIFT_EMIT_LOC_STRINGS = NO;
				SWIFT_VERSION = 5.0;
				TARGETED_DEVICE_FAMILY = "1,2";
			};
			name = Debug;
		};
		CC528E3D2B7975DC001E9E52 /* Release */ = {
			isa = XCBuildConfiguration;
			buildSettings = {
				ALWAYS_EMBED_SWIFT_STANDARD_LIBRARIES = YES;
				CODE_SIGN_STYLE = Automatic;
				CURRENT_PROJECT_VERSION = 1;
				GENERATE_INFOPLIST_FILE = YES;
				IPHONEOS_DEPLOYMENT_TARGET = 15.0;
				MACOSX_DEPLOYMENT_TARGET = 11.0;
				MARKETING_VERSION = 1.0;
				PRODUCT_BUNDLE_IDENTIFIER = com.objecthub.DynamicJSONTests;
				PRODUCT_NAME = "$(TARGET_NAME)";
				SDKROOT = auto;
				SUPPORTED_PLATFORMS = "iphoneos iphonesimulator macosx";
				SWIFT_EMIT_LOC_STRINGS = NO;
				SWIFT_VERSION = 5.0;
				TARGETED_DEVICE_FAMILY = "1,2";
			};
			name = Release;
		};
/* End XCBuildConfiguration section */

/* Begin XCConfigurationList section */
		CC2473F22B8180F70022800A /* Build configuration list for PBXNativeTarget "JSONPathTool" */ = {
			isa = XCConfigurationList;
			buildConfigurations = (
				CC2473F32B8180F70022800A /* Debug */,
				CC2473F42B8180F70022800A /* Release */,
			);
			defaultConfigurationIsVisible = 0;
			defaultConfigurationName = Release;
		};
		CC528E1E2B7975DC001E9E52 /* Build configuration list for PBXProject "DynamicJSON" */ = {
			isa = XCConfigurationList;
			buildConfigurations = (
				CC528E362B7975DC001E9E52 /* Debug */,
				CC528E372B7975DC001E9E52 /* Release */,
			);
			defaultConfigurationIsVisible = 0;
			defaultConfigurationName = Release;
		};
		CC528E382B7975DC001E9E52 /* Build configuration list for PBXNativeTarget "DynamicJSON" */ = {
			isa = XCConfigurationList;
			buildConfigurations = (
				CC528E392B7975DC001E9E52 /* Debug */,
				CC528E3A2B7975DC001E9E52 /* Release */,
			);
			defaultConfigurationIsVisible = 0;
			defaultConfigurationName = Release;
		};
		CC528E3B2B7975DC001E9E52 /* Build configuration list for PBXNativeTarget "DynamicJSONTests" */ = {
			isa = XCConfigurationList;
			buildConfigurations = (
				CC528E3C2B7975DC001E9E52 /* Debug */,
				CC528E3D2B7975DC001E9E52 /* Release */,
			);
			defaultConfigurationIsVisible = 0;
			defaultConfigurationName = Release;
		};
/* End XCConfigurationList section */
	};
	rootObject = CC528E1B2B7975DC001E9E52 /* Project object */;
}
